
Microsoft Visual Studio Solution File, Format Version 12.00
# Visual Studio Version 17
VisualStudioVersion = 17.8.34408.163
MinimumVisualStudioVersion = 10.0.40219.1
Project("{FAE04EC0-301F-11D3-BF4B-00C04F79EFBC}") = "AtmMachineApp", "AtmMachineApp\AtmMachineApp.csproj", "{14CCA957-C5B7-45C5-B1CB-74EC3FABC139}"
EndProject
Project("{FAE04EC0-301F-11D3-BF4B-00C04F79EFBC}") = "StaptyaProject", "StaptyaProject\StaptyaProject.csproj", "{8A5A60F5-BFA1-4004-88F8-560EDEDB4E0D}"
EndProject
Global
	GlobalSection(SolutionConfigurationPlatforms) = preSolution
		Debug|Any CPU = Debug|Any CPU
		Release|Any CPU = Release|Any CPU
	EndGlobalSection
	GlobalSection(ProjectConfigurationPlatforms) = postSolution
		{14CCA957-C5B7-45C5-B1CB-74EC3FABC139}.Debug|Any CPU.ActiveCfg = Debug|Any CPU
		{14CCA957-C5B7-45C5-B1CB-74EC3FABC139}.Debug|Any CPU.Build.0 = Debug|Any CPU
		{14CCA957-C5B7-45C5-B1CB-74EC3FABC139}.Release|Any CPU.ActiveCfg = Release|Any CPU
		{14CCA957-C5B7-45C5-B1CB-74EC3FABC139}.Release|Any CPU.Build.0 = Release|Any CPU
		{8A5A60F5-BFA1-4004-88F8-560EDEDB4E0D}.Debug|Any CPU.ActiveCfg = Debug|Any CPU
		{8A5A60F5-BFA1-4004-88F8-560EDEDB4E0D}.Debug|Any CPU.Build.0 = Debug|Any CPU
		{8A5A60F5-BFA1-4004-88F8-560EDEDB4E0D}.Release|Any CPU.ActiveCfg = Release|Any CPU
		{8A5A60F5-BFA1-4004-88F8-560EDEDB4E0D}.Release|Any CPU.Build.0 = Release|Any CPU
	EndGlobalSection
	GlobalSection(SolutionProperties) = preSolution
		HideSolutionNode = FALSE
	EndGlobalSection
	GlobalSection(ExtensibilityGlobals) = postSolution
		SolutionGuid = {7C755486-8366-48AB-B9DA-C4DDB7EC2291}
	EndGlobalSection
EndGlobal
